PODS:
  - FeedMedia (4.2.1):
    - MarqueeLabel (~> 3.1.4)
  - MarqueeLabel (3.1.6):
    - MarqueeLabel/ObjC (= 3.1.6)
  - MarqueeLabel/ObjC (3.1.6)
  - UICircularProgressRing (4.1.0)

DEPENDENCIES:
  - FeedMedia
  - UICircularProgressRing

SPEC REPOS:
  https://github.com/cocoapods/specs.git:
    - FeedMedia
    - MarqueeLabel
    - UICircularProgressRing

SPEC CHECKSUMS:
  FeedMedia: b4f32872f7b3730c5355a3a3416f9d9d5d05cd8f
  MarqueeLabel: 0c41f08ef5773e29c0f71064a8fa788a2fd8b365
  UICircularProgressRing: 5a32c01f54474571b1e66e8fa050c0f83d6d981b

PODFILE CHECKSUM: 61107155bbbfd74b24f849691ef1ea5ff890ac83

COCOAPODS: 1.5.3
